
Microsoft Visual Studio Solution File, Format Version 12.00
Project("{FAE04EC0-301F-11D3-BF4B-00C04F79EFBC}") = "CaddyManager", "CaddyManager\CaddyManager.csproj", "{48F15175-A1B9-457D-9CA2-04C241F3435C}"
EndProject
Project("{2150E333-8FDC-42A3-9474-1A3956D46DE8}") = "Solution Items", "Solution Items", "{EC202984-FC85-4101-B801-1E8AA4E9C4DD}"
	ProjectSection(SolutionItems) = preProject
		compose.yaml = compose.yaml
	EndProjectSection
EndProject
Global
	GlobalSection(SolutionConfigurationPlatforms) = preSolution
		Debug|Any CPU = Debug|Any CPU
		Release|Any CPU = Release|Any CPU
	EndGlobalSection
	GlobalSection(ProjectConfigurationPlatforms) = postSolution
		{48F15175-A1B9-457D-9CA2-04C241F3435C}.Debug|Any CPU.ActiveCfg = Debug|Any CPU
		{48F15175-A1B9-457D-9CA2-04C241F3435C}.Debug|Any CPU.Build.0 = Debug|Any CPU
		{48F15175-A1B9-457D-9CA2-04C241F3435C}.Release|Any CPU.ActiveCfg = Release|Any CPU
		{48F15175-A1B9-457D-9CA2-04C241F3435C}.Release|Any CPU.Build.0 = Release|Any CPU
	EndGlobalSection
EndGlobal
