{
  "version": 1,
  "dependencies": {
    "net9.0": {
      "BlazorMonaco": {
        "type": "Direct",
        "requested": "[3.3.0, )",
        "resolved": "3.3.0",
        "contentHash": "ywtUCZMfmaNBadhQbZEGPerdptHUcyVbPB2Ug1HTNzarJlMCJFSBRvQZefS383h/vDhFgHUrR7/pE6scIc6lJg==",
        "dependencies": {
          "Microsoft.AspNetCore.Components": "9.0.0",
          "Microsoft.AspNetCore.Components.Web": "9.0.0"
        }
      },
      "Docker.DotNet": {
        "type": "Direct",
        "requested": "[3.125.15, )",
        "resolved": "3.125.15",
        "contentHash": "XN8FKxVv8Mjmwu104/Hl9lM61pLY675s70gzwSj8KR5pwblo8HfWLcCuinh9kYsqujBkMH4HVRCEcRuU6al4BQ==",
        "dependencies": {
          "Newtonsoft.Json": "13.0.1",
          "System.Buffers": "4.5.1",
          "System.Threading.Tasks.Extensions": "4.5.4"
        }
      },
      "MudBlazor": {
        "type": "Direct",
        "requested": "[8.0.0, )",
        "resolved": "8.0.0",
        "contentHash": "itY10dugofdvLYnJ1VZSzUIiKVqNvnTz4eEMYlHUdrOfsk9xShj7k1EW5H6ssMmkbQzShlLBHlUt+VPFGoEJGw==",
        "dependencies": {
          "Microsoft.AspNetCore.Components": "9.0.1",
          "Microsoft.AspNetCore.Components.Web": "9.0.1",
          "Microsoft.Extensions.Localization": "9.0.1"
        }
      },
      "NetCore.AutoRegisterDi": {
        "type": "Direct",
        "requested": "[2.2.1, )",
        "resolved": "2.2.1",
        "contentHash": "qRda/VP+Lxak/GCGfT3PqXE6VA+bCbf2wlExcUWwnkwY1d6cfWv4Fp5RRN6dChlFhI8tbmzlNutYwxlA8kBb1A==",
        "dependencies": {
          "Microsoft.Extensions.DependencyInjection": "2.1.1"
        }
      },
      "Microsoft.AspNetCore.Authorization": {
        "type": "Transitive",
        "resolved": "9.0.1",
        "contentHash": "WgLlLBlMczb2+QLNG6sM95OUZ0EBztz60k/N75tjIgpyu0SdpIfYytAmX/7JJAjRTZF0c/CrWaQV+SH9FuGsrA==",
        "dependencies": {
          "Microsoft.AspNetCore.Metadata": "9.0.1",
          "Microsoft.Extensions.Logging.Abstractions": "9.0.1",
          "Microsoft.Extensions.Options": "9.0.1"
        }
      },
      "Microsoft.AspNetCore.Components": {
        "type": "Transitive",
        "resolved": "9.0.1",
        "contentHash": "6pwfbQKNtvPkbF4tCGiAKGyt6BVpu58xAXz7u2YXcUKTNmNxrymbG1mEyMc0EPzVdnquDDqTyfXM3mC1EJycxQ==",
        "dependencies": {
          "Microsoft.AspNetCore.Authorization": "9.0.1",
          "Microsoft.AspNetCore.Components.Analyzers": "9.0.1"
        }
      },
      "Microsoft.AspNetCore.Components.Analyzers": {
        "type": "Transitive",
        "resolved": "9.0.1",
        "contentHash": "I8Rs4LXT5UQxM5Nin2+Oj8aSY2heszSZ3EyTLgt3mxmfiRPrVO7D8NNSsf1voI2Gb0qFJceof/J5c9E+nfNuHw=="
      },
      "Microsoft.AspNetCore.Components.Forms": {
        "type": "Transitive",
        "resolved": "9.0.1",
        "contentHash": "KyULVU32bLz74LWDwPEwNUEllTehzWJuM7YAsz80rMKEzvR0K8cRjRzO0fnN/nfydMeLRRlbI0xj8wnEAymLVw==",
        "dependencies": {
          "Microsoft.AspNetCore.Components": "9.0.1"
        }
      },
      "Microsoft.AspNetCore.Components.Web": {
        "type": "Transitive",
        "resolved": "9.0.1",
        "contentHash": "LI0vjYEd9MaDZPDQxPCn4gGYDkEC5U9rp1nWZo7rPozJxgTG2zU3WERujxTi2LeAC2ZzdXlOVCrUyPQ55LZV2A==",
        "dependencies": {
          "Microsoft.AspNetCore.Components": "9.0.1",
          "Microsoft.AspNetCore.Components.Forms": "9.0.1",
          "Microsoft.Extensions.DependencyInjection": "9.0.1",
          "Microsoft.Extensions.Primitives": "9.0.1",
          "Microsoft.JSInterop": "9.0.1"
        }
      },
      "Microsoft.AspNetCore.Metadata": {
        "type": "Transitive",
        "resolved": "9.0.1",
        "contentHash": "EZnHifamF7IFEIyjAKMtJM3I/94OIe72i3P09v5oL0twmsmfQwal6Ni3m8lbB5mge3jWFhMozeW+rUdRSqnXRQ=="
      },
      "Microsoft.Extensions.DependencyInjection": {
        "type": "Transitive",
        "resolved": "9.0.1",
        "contentHash": "qZI42ASAe3hr2zMSA6UjM92pO1LeDq5DcwkgSowXXPY8I56M76pEKrnmsKKbxagAf39AJxkH2DY4sb72ixyOrg==",
        "dependencies": {
          "Microsoft.Extensions.DependencyInjection.Abstractions": "9.0.1"
        }
      },
      "Microsoft.Extensions.DependencyInjection.Abstractions": {
        "type": "Transitive",
        "resolved": "9.0.1",
        "contentHash": "Tr74eP0oQ3AyC24ch17N8PuEkrPbD0JqIfENCYqmgKYNOmL8wQKzLJu3ObxTUDrjnn4rHoR1qKa37/eQyHmCDA=="
      },
      "Microsoft.Extensions.Localization": {
        "type": "Transitive",
        "resolved": "9.0.1",
        "contentHash": "UgvX4Yb2T3tEsKT30ktZr0H7kTRPapCgEH0bdTwxiEGSdA39/hAQMvvb+vgHpqmevDU5+puyI9ujRkmmbF946w==",
        "dependencies": {
          "Microsoft.Extensions.DependencyInjection.Abstractions": "9.0.1",
          "Microsoft.Extensions.Localization.Abstractions": "9.0.1",
          "Microsoft.Extensions.Logging.Abstractions": "9.0.1",
          "Microsoft.Extensions.Options": "9.0.1"
        }
      },
      "Microsoft.Extensions.Localization.Abstractions": {
        "type": "Transitive",
        "resolved": "9.0.1",
        "contentHash": "CABog43lyaZQMjmlktuImCy6zmAzRBaXqN81uPaMQjlp//ISDVYItZPh6KWpWRF4MY/B67X5oDc3JTUpfdocZw=="
      },
      "Microsoft.Extensions.Logging.Abstractions": {
        "type": "Transitive",
        "resolved": "9.0.1",
        "contentHash": "w2gUqXN/jNIuvqYwX3lbXagsizVNXYyt6LlF57+tMve4JYCEgCMMAjRce6uKcDASJgpMbErRT1PfHy2OhbkqEA==",
        "dependencies": {
          "Microsoft.Extensions.DependencyInjection.Abstractions": "9.0.1"
        }
      },
      "Microsoft.Extensions.Options": {
        "type": "Transitive",
        "resolved": "9.0.1",
        "contentHash": "nggoNKnWcsBIAaOWHA+53XZWrslC7aGeok+aR+epDPRy7HI7GwMnGZE8yEsL2Onw7kMOHVHwKcsDls1INkNUJQ==",
        "dependencies": {
          "Microsoft.Extensions.DependencyInjection.Abstractions": "9.0.1",
          "Microsoft.Extensions.Primitives": "9.0.1"
        }
      },
      "Microsoft.Extensions.Primitives": {
        "type": "Transitive",
        "resolved": "9.0.1",
        "contentHash": "bHtTesA4lrSGD1ZUaMIx6frU3wyy0vYtTa/hM6gGQu5QNrydObv8T5COiGUWsisflAfmsaFOe9Xvw5NSO99z0g=="
      },
      "Microsoft.JSInterop": {
        "type": "Transitive",
        "resolved": "9.0.1",
        "contentHash": "/xBwIfb0YoC2Muv6EsHjxpqZw2aKv94+i0g0FWZvqvGv3DeAy+8wipAuECVvKYEs2EIclRD41bjajHLoD6mTtw=="
      },
      "Newtonsoft.Json": {
        "type": "Transitive",
        "resolved": "13.0.1",
        "contentHash": "ppPFpBcvxdsfUonNcvITKqLl3bqxWbDCZIzDWHzjpdAHRFfZe0Dw9HmA0+za13IdyrgJwpkDTDA9fHaxOrt20A=="
      },
      "System.Buffers": {
        "type": "Transitive",
        "resolved": "4.5.1",
        "contentHash": "Rw7ijyl1qqRS0YQD/WycNst8hUUMgrMH4FCn1nNm27M4VxchZ1js3fVjQaANHO5f3sN4isvP4a+Met9Y4YomAg=="
      },
      "System.Threading.Tasks.Extensions": {
        "type": "Transitive",
        "resolved": "4.5.4",
        "contentHash": "zteT+G8xuGu6mS+mzDzYXbzS7rd3K6Fjb9RiZlYlJPam2/hU7JCBZBVEcywNuR+oZ1ncTvc/cq0faRr3P01OVg=="
      }
    }
  }
}